
Microsoft Visual Studio Solution File, Format Version 12.00
# Visual Studio 2012
Project("{2150E333-8FDC-42A3-9474-1A3956D46DE8}") = "ShareLibs", "ShareLibs", "{505A411E-2F56-43ED-9639-338BE0244D1E}"
EndProject
Project("{FAE04EC0-301F-11D3-BF4B-00C04F79EFBC}") = "L.WCS.Tests", "L.WCS.Tests\L.WCS.Tests.csproj", "{4261D5B8-250F-4D8A-B81A-2B406FEEAABB}"
EndProject
Project("{FAE04EC0-301F-11D3-BF4B-00C04F79EFBC}") = "L.WCS.WeChat", "L.WCS.WeChat\L.WCS.WeChat.csproj", "{E668AB20-2AC7-419C-86AD-066B308C1559}"
EndProject
Project("{FAE04EC0-301F-11D3-BF4B-00C04F79EFBC}") = "L.WCS.IDAL", "L.WCS.IDAL\L.WCS.IDAL.csproj", "{057FE78B-8B2D-43E1-96EA-B21AD2B05809}"
EndProject
Project("{FAE04EC0-301F-11D3-BF4B-00C04F79EFBC}") = "L.WCS.DataModel", "L.WCS.DataModel\L.WCS.DataModel.csproj", "{6B966D7E-77BD-4550-83B6-70F7DEFC8242}"
EndProject
Project("{FAE04EC0-301F-11D3-BF4B-00C04F79EFBC}") = "L.WCS.DAL", "L.WCS.DAL\L.WCS.DAL.csproj", "{D88AAC5F-B0C5-425E-ACE1-AD8B1A359453}"
EndProject
Project("{FAE04EC0-301F-11D3-BF4B-00C04F79EFBC}") = "L.WCS.IBLL", "L.WCS.IBLL\L.WCS.IBLL.csproj", "{95332C29-C65A-4F2C-BC1E-C721090237CC}"
EndProject
Project("{FAE04EC0-301F-11D3-BF4B-00C04F79EFBC}") = "L.WCS.BLL", "L.WCS.BLL\L.WCS.BLL.csproj", "{6BB47924-FA86-4FE4-BFB9-978AFFD7879F}"
EndProject
Project("{FAE04EC0-301F-11D3-BF4B-00C04F79EFBC}") = "L.WCS.Common", "L.WCS.Common\L.WCS.Common.csproj", "{DC10396D-F8F6-46BD-9ABF-9D6072C71983}"
EndProject
Global
	GlobalSection(SolutionConfigurationPlatforms) = preSolution
		Debug|Any CPU = Debug|Any CPU
		Release|Any CPU = Release|Any CPU
	EndGlobalSection
	GlobalSection(ProjectConfigurationPlatforms) = postSolution
		{4261D5B8-250F-4D8A-B81A-2B406FEEAABB}.Debug|Any CPU.ActiveCfg = Debug|Any CPU
		{4261D5B8-250F-4D8A-B81A-2B406FEEAABB}.Debug|Any CPU.Build.0 = Debug|Any CPU
		{4261D5B8-250F-4D8A-B81A-2B406FEEAABB}.Release|Any CPU.ActiveCfg = Release|Any CPU
		{4261D5B8-250F-4D8A-B81A-2B406FEEAABB}.Release|Any CPU.Build.0 = Release|Any CPU
		{E668AB20-2AC7-419C-86AD-066B308C1559}.Debug|Any CPU.ActiveCfg = Debug|Any CPU
		{E668AB20-2AC7-419C-86AD-066B308C1559}.Debug|Any CPU.Build.0 = Debug|Any CPU
		{E668AB20-2AC7-419C-86AD-066B308C1559}.Release|Any CPU.ActiveCfg = Release|Any CPU
		{E668AB20-2AC7-419C-86AD-066B308C1559}.Release|Any CPU.Build.0 = Release|Any CPU
		{057FE78B-8B2D-43E1-96EA-B21AD2B05809}.Debug|Any CPU.ActiveCfg = Debug|Any CPU
		{057FE78B-8B2D-43E1-96EA-B21AD2B05809}.Debug|Any CPU.Build.0 = Debug|Any CPU
		{057FE78B-8B2D-43E1-96EA-B21AD2B05809}.Release|Any CPU.ActiveCfg = Release|Any CPU
		{057FE78B-8B2D-43E1-96EA-B21AD2B05809}.Release|Any CPU.Build.0 = Release|Any CPU
		{6B966D7E-77BD-4550-83B6-70F7DEFC8242}.Debug|Any CPU.ActiveCfg = Debug|Any CPU
		{6B966D7E-77BD-4550-83B6-70F7DEFC8242}.Debug|Any CPU.Build.0 = Debug|Any CPU
		{6B966D7E-77BD-4550-83B6-70F7DEFC8242}.Release|Any CPU.ActiveCfg = Release|Any CPU
		{6B966D7E-77BD-4550-83B6-70F7DEFC8242}.Release|Any CPU.Build.0 = Release|Any CPU
		{D88AAC5F-B0C5-425E-ACE1-AD8B1A359453}.Debug|Any CPU.ActiveCfg = Debug|Any CPU
		{D88AAC5F-B0C5-425E-ACE1-AD8B1A359453}.Debug|Any CPU.Build.0 = Debug|Any CPU
		{D88AAC5F-B0C5-425E-ACE1-AD8B1A359453}.Release|Any CPU.ActiveCfg = Release|Any CPU
		{D88AAC5F-B0C5-425E-ACE1-AD8B1A359453}.Release|Any CPU.Build.0 = Release|Any CPU
		{95332C29-C65A-4F2C-BC1E-C721090237CC}.Debug|Any CPU.ActiveCfg = Debug|Any CPU
		{95332C29-C65A-4F2C-BC1E-C721090237CC}.Debug|Any CPU.Build.0 = Debug|Any CPU
		{95332C29-C65A-4F2C-BC1E-C721090237CC}.Release|Any CPU.ActiveCfg = Release|Any CPU
		{95332C29-C65A-4F2C-BC1E-C721090237CC}.Release|Any CPU.Build.0 = Release|Any CPU
		{6BB47924-FA86-4FE4-BFB9-978AFFD7879F}.Debug|Any CPU.ActiveCfg = Debug|Any CPU
		{6BB47924-FA86-4FE4-BFB9-978AFFD7879F}.Debug|Any CPU.Build.0 = Debug|Any CPU
		{6BB47924-FA86-4FE4-BFB9-978AFFD7879F}.Release|Any CPU.ActiveCfg = Release|Any CPU
		{6BB47924-FA86-4FE4-BFB9-978AFFD7879F}.Release|Any CPU.Build.0 = Release|Any CPU
		{DC10396D-F8F6-46BD-9ABF-9D6072C71983}.Debug|Any CPU.ActiveCfg = Debug|Any CPU
		{DC10396D-F8F6-46BD-9ABF-9D6072C71983}.Debug|Any CPU.Build.0 = Debug|Any CPU
		{DC10396D-F8F6-46BD-9ABF-9D6072C71983}.Release|Any CPU.ActiveCfg = Release|Any CPU
		{DC10396D-F8F6-46BD-9ABF-9D6072C71983}.Release|Any CPU.Build.0 = Release|Any CPU
	EndGlobalSection
	GlobalSection(SolutionProperties) = preSolution
		HideSolutionNode = FALSE
	EndGlobalSection
EndGlobal
